<?xml version="1.0" encoding="utf-8"?>
<Project ToolsVersion="4.0" xmlns="http://schemas.microsoft.com/developer/msbuild/2003">
  <ItemGroup>
    <Filter Include="99.Headers">
      <UniqueIdentifier>{856b1be2-223c-4d7f-842b-915f70f7dc76}</UniqueIdentifier>
    </Filter>
    <Filter Include="00.System">
      <UniqueIdentifier>{3fab6289-f581-4d0a-b910-91f40fc78c3f}</UniqueIdentifier>
    </Filter>
    <Filter Include="01.Utility">
      <UniqueIdentifier>{be41a189-d939-493c-adb3-7cf1da76f1b7}</UniqueIdentifier>
    </Filter>
    <Filter Include="00.System\Device">
      <UniqueIdentifier>{8c02edf9-6950-4866-8670-23df624f231f}</UniqueIdentifier>
    </Filter>
    <Filter Include="00.System\Device\Graphic">
      <UniqueIdentifier>{e5a6a90c-7c90-4394-b6ae-9893145ebdb8}</UniqueIdentifier>
    </Filter>
    <Filter Include="00.System\Device\Input">
      <UniqueIdentifier>{533a9ae7-a7fe-46c7-8667-19eec79b1cd4}</UniqueIdentifier>
    </Filter>
    <Filter Include="00.System\Device\Sound">
      <UniqueIdentifier>{3de8b3f4-c314-4e19-96a6-680f80e60619}</UniqueIdentifier>
    </Filter>
    <Filter Include="01.Utility\99.SuperClass">
      <UniqueIdentifier>{8e5fec30-e5da-4136-afc0-5d402df89a1b}</UniqueIdentifier>
    </Filter>
    <Filter Include="01.Utility\99.SuperClass\Base">
      <UniqueIdentifier>{5679a66e-ad08-47dc-be8e-4edc8791d7f9}</UniqueIdentifier>
    </Filter>
    <Filter Include="01.Utility\00.GameInstance">
      <UniqueIdentifier>{74d2ab92-7c9f-482c-83b7-dc762fdd3bc8}</UniqueIdentifier>
    </Filter>
    <Filter Include="01.Utility\01.Levels">
      <UniqueIdentifier>{1bf2ad12-0d15-436f-aebe-0230fb243843}</UniqueIdentifier>
    </Filter>
    <Filter Include="01.Utility\02.GameObject">
      <UniqueIdentifier>{f6e51264-8528-49f4-895e-357f3053cbc6}</UniqueIdentifier>
    </Filter>
    <Filter Include="01.Utility\03.Components">
      <UniqueIdentifier>{7a250bc6-4593-4a9d-b563-84d152f89dd8}</UniqueIdentifier>
    </Filter>
    <Filter Include="01.Utility\04.Manager">
      <UniqueIdentifier>{07265974-cf0d-47b3-9b3e-1dfceb36ed0e}</UniqueIdentifier>
    </Filter>
    <Filter Include="01.Utility\04.Manager\01. Component_Manager">
      <UniqueIdentifier>{6b2c4878-0377-41fa-aa3d-e41e67577b24}</UniqueIdentifier>
    </Filter>
    <Filter Include="01.Utility\04.Manager\02. Level_Manager">
      <UniqueIdentifier>{0a363008-4209-4529-b7f7-6497bae3ebdf}</UniqueIdentifier>
    </Filter>
    <Filter Include="01.Utility\04.Manager\03. Object_Manager">
      <UniqueIdentifier>{23b03772-4343-4197-8c60-694c91e836f0}</UniqueIdentifier>
    </Filter>
    <Filter Include="01.Utility\04.Manager\03. Object_Manager\Layer">
      <UniqueIdentifier>{8a3a2b5f-200c-40a0-b1e7-cd3c3400dd0e}</UniqueIdentifier>
    </Filter>
    <Filter Include="01.Utility\04.Manager\04. Resource_Manager">
      <UniqueIdentifier>{50056cdc-6bc5-4c1b-b2cd-b0ea1d9ed239}</UniqueIdentifier>
    </Filter>
    <Filter Include="01.Utility\04.Manager\05. Time_Manager">
      <UniqueIdentifier>{236b14f9-740d-4228-ae13-7b38012d3ca0}</UniqueIdentifier>
    </Filter>
    <Filter Include="02. Module">
      <UniqueIdentifier>{2a2a36c4-af0a-4c1a-8e80-0593d902b974}</UniqueIdentifier>
    </Filter>
    <Filter Include="02. Module\00. Interface">
      <UniqueIdentifier>{c23d2a9d-589e-44e1-b1ef-1e5665c36844}</UniqueIdentifier>
    </Filter>
    <Filter Include="01.Utility\04.Manager\05. Time_Manager\00. Timer">
      <UniqueIdentifier>{fc6f2bbb-fb6b-4025-811d-7d68e031b48e}</UniqueIdentifier>
    </Filter>
    <Filter Include="01.Utility\03.Components\00. Model">
      <UniqueIdentifier>{a4b747fe-ace1-457e-8fc3-cbd1b6f250b8}</UniqueIdentifier>
    </Filter>
    <Filter Include="01.Utility\03.Components\00. Model\VIBuffer">
      <UniqueIdentifier>{14e1e29b-5f0f-45a6-b390-0732db21f5cd}</UniqueIdentifier>
    </Filter>
    <Filter Include="01.Utility\03.Components\01. Renderer">
      <UniqueIdentifier>{ab7714b5-eee9-4739-98c1-a11b37af4394}</UniqueIdentifier>
    </Filter>
    <Filter Include="01.Utility\03.Components\02. Transform">
      <UniqueIdentifier>{4c554e52-c1e9-426c-b771-3aa800919186}</UniqueIdentifier>
    </Filter>
    <Filter Include="01.Utility\03.Components\03. Camera">
      <UniqueIdentifier>{5ce719a6-4b20-41e2-841c-3d9764845d40}</UniqueIdentifier>
    </Filter>
    <Filter Include="01.Utility\03.Components\04. Status">
      <UniqueIdentifier>{f547740d-ddc5-4402-979c-2e4a0ede3a70}</UniqueIdentifier>
    </Filter>
    <Filter Include="01.Utility\03.Components\05. Font">
      <UniqueIdentifier>{d2ef3aa8-8655-4c52-9cda-c6cd5e7dde3f}</UniqueIdentifier>
    </Filter>
    <Filter Include="01.Utility\03.Components\00. Model\Mesh">
      <UniqueIdentifier>{5dcfe90f-c1ce-40b1-ace7-176812048b65}</UniqueIdentifier>
    </Filter>
    <Filter Include="01.Utility\03.Components\06. Rigid_Body">
      <UniqueIdentifier>{4eceaa67-6893-4444-adae-f14905ce8a8e}</UniqueIdentifier>
    </Filter>
    <Filter Include="01.Utility\04.Manager\06. Input_Manager">
      <UniqueIdentifier>{6054f646-e3eb-4fae-98ed-b8fb372e4815}</UniqueIdentifier>
    </Filter>
    <Filter Include="01.Utility\04.Manager\07. Camera_Manager">
      <UniqueIdentifier>{6daeb880-eedd-419f-bd71-e44b47ad773a}</UniqueIdentifier>
    </Filter>
    <Filter Include="01.Utility\99.SuperClass\Math">
      <UniqueIdentifier>{12755471-33af-4004-bbfc-2772372c8872}</UniqueIdentifier>
    </Filter>
    <Filter Include="00.System\IMGUI">
      <UniqueIdentifier>{f4dace36-5adb-4a1c-9caf-44ab4558f1d2}</UniqueIdentifier>
    </Filter>
    <Filter Include="05.Picking">
      <UniqueIdentifier>{89700394-3094-4d7d-9623-87ccf4bd784d}</UniqueIdentifier>
    </Filter>
    <Filter Include="01.Utility\04.Manager\08. Render_Manager">
      <UniqueIdentifier>{4641f8f5-e445-449e-bd39-fd459d8db911}</UniqueIdentifier>
    </Filter>
    <Filter Include="01.Utility\04.Manager\09. Collision_Manager">
      <UniqueIdentifier>{408120a8-dca3-4566-ab48-48857d3238d0}</UniqueIdentifier>
    </Filter>
    <Filter Include="01.Utility\03.Components\07. Collider">
      <UniqueIdentifier>{89397d9d-4f76-41c1-935f-53b69873dab1}</UniqueIdentifier>
    </Filter>
    <Filter Include="01.Utility\03.Components\00. Model\Mesh\Mesh_Terrain">
      <UniqueIdentifier>{af6912cf-7f5b-4f81-97fb-129bd74978b0}</UniqueIdentifier>
    </Filter>
    <Filter Include="01.Utility\03.Components\00. Model\Mesh\Mesh_Cube">
      <UniqueIdentifier>{5a1452ed-fd54-415b-82d3-7a432f420cfc}</UniqueIdentifier>
    </Filter>
    <Filter Include="01.Utility\03.Components\00. Model\VIBuffer\Terrain">
      <UniqueIdentifier>{d3cc4939-75f0-4532-bc74-61b9e76f472a}</UniqueIdentifier>
    </Filter>
    <Filter Include="01.Utility\03.Components\00. Model\VIBuffer\Rect">
      <UniqueIdentifier>{9bbfb4c2-f50e-4feb-b393-a311f3b0b406}</UniqueIdentifier>
    </Filter>
    <Filter Include="01.Utility\03.Components\00. Model\VIBuffer\Cube">
      <UniqueIdentifier>{e75f994b-3174-4fe1-986a-ec875abbc036}</UniqueIdentifier>
    </Filter>
    <Filter Include="01.Utility\03.Components\07. Collider\00. Collider_OBB">
      <UniqueIdentifier>{14405e89-68e0-4ca9-a15f-f969a731b894}</UniqueIdentifier>
    </Filter>
    <Filter Include="01.Utility\02.GameObject\00. CursorObject">
      <UniqueIdentifier>{ba0ad428-977c-4716-a701-157b12ff5b11}</UniqueIdentifier>
    </Filter>
    <Filter Include="01.Utility\03.Components\08. State">
      <UniqueIdentifier>{4a2f3f11-7e6b-456e-a1f4-faf19a01d503}</UniqueIdentifier>
    </Filter>
    <Filter Include="00.System\IMGUI\IMGUI_Manager">
      <UniqueIdentifier>{64d53e00-20ba-4c10-ad62-497971bd4cc2}</UniqueIdentifier>
    </Filter>
    <Filter Include="01.Utility\03.Components\07. Targeting">
      <UniqueIdentifier>{6ecce992-5cb3-4ab6-9ece-d03156b360b6}</UniqueIdentifier>
    </Filter>
  </ItemGroup>
  <ItemGroup>
    <ClInclude Include="..\Public\Base.h">
      <Filter>01.Utility\99.SuperClass\Base</Filter>
    </ClInclude>
    <ClInclude Include="..\Public\Engine_Defines.h">
      <Filter>99.Headers</Filter>
    </ClInclude>
    <ClInclude Include="..\Public\Engine_Function.h">
      <Filter>99.Headers</Filter>
    </ClInclude>
    <ClInclude Include="..\Public\Engine_Functor.h">
      <Filter>99.Headers</Filter>
    </ClInclude>
    <ClInclude Include="..\Public\Engine_Macro.h">
      <Filter>99.Headers</Filter>
    </ClInclude>
    <ClInclude Include="..\Public\Graphic_Device.h">
      <Filter>00.System\Device\Graphic</Filter>
    </ClInclude>
    <ClInclude Include="..\pUBLIC\Engine_Struct.h">
      <Filter>99.Headers</Filter>
    </ClInclude>
    <ClInclude Include="..\public\GameInstance.h">
      <Filter>01.Utility\00.GameInstance</Filter>
    </ClInclude>
    <ClInclude Include="..\Public\Level_Manager.h">
      <Filter>01.Utility\04.Manager\02. Level_Manager</Filter>
    </ClInclude>
    <ClInclude Include="..\public\Level.h">
      <Filter>01.Utility\01.Levels</Filter>
    </ClInclude>
    <ClInclude Include="..\Public\Engine_Typedef.h">
      <Filter>99.Headers</Filter>
    </ClInclude>
    <ClInclude Include="..\public\GameObject.h">
      <Filter>01.Utility\02.GameObject</Filter>
    </ClInclude>
    <ClInclude Include="..\public\Object_Manager.h">
      <Filter>01.Utility\04.Manager\03. Object_Manager</Filter>
    </ClInclude>
    <ClInclude Include="..\public\Layer.h">
      <Filter>01.Utility\04.Manager\03. Object_Manager\Layer</Filter>
    </ClInclude>
    <ClInclude Include="..\public\Component.h">
      <Filter>01.Utility\03.Components</Filter>
    </ClInclude>
    <ClInclude Include="..\public\Component_Manager.h">
      <Filter>01.Utility\04.Manager\01. Component_Manager</Filter>
    </ClInclude>
    <ClInclude Include="..\public\Renderer.h">
      <Filter>01.Utility\03.Components\01. Renderer</Filter>
    </ClInclude>
    <ClInclude Include="..\public\VIBuffer.h">
      <Filter>01.Utility\03.Components\00. Model\VIBuffer</Filter>
    </ClInclude>
    <ClInclude Include="..\Public\VIBuffer_Rect.h">
      <Filter>01.Utility\03.Components\00. Model\VIBuffer\Rect</Filter>
    </ClInclude>
    <ClInclude Include="..\Public\Render_Manager.h">
      <Filter>01.Utility\04.Manager\08. Render_Manager</Filter>
    </ClInclude>
    <ClInclude Include="..\Public\Resource_Manager.h">
      <Filter>01.Utility\04.Manager\04. Resource_Manager</Filter>
    </ClInclude>
    <ClInclude Include="..\Public\Transform.h">
      <Filter>01.Utility\03.Components\02. Transform</Filter>
    </ClInclude>
    <ClInclude Include="..\Public\ITimerEvent.h">
      <Filter>02. Module\00. Interface</Filter>
    </ClInclude>
    <ClInclude Include="..\Public\Time_Manager.h">
      <Filter>01.Utility\04.Manager\05. Time_Manager</Filter>
    </ClInclude>
    <ClInclude Include="..\Public\Timer.h">
      <Filter>01.Utility\04.Manager\05. Time_Manager\00. Timer</Filter>
    </ClInclude>
    <ClInclude Include="..\Public\VIBuffer_Terrain.h">
      <Filter>01.Utility\03.Components\00. Model\VIBuffer\Terrain</Filter>
    </ClInclude>
    <ClInclude Include="..\Public\Camera.h">
      <Filter>01.Utility\03.Components\03. Camera</Filter>
    </ClInclude>
    <ClInclude Include="..\Public\Status.h">
      <Filter>01.Utility\03.Components\04. Status</Filter>
    </ClInclude>
    <ClInclude Include="..\Public\Font.h">
      <Filter>01.Utility\03.Components\05. Font</Filter>
    </ClInclude>
    <ClInclude Include="..\public\Mesh_Cube.h">
      <Filter>01.Utility\03.Components\00. Model\Mesh\Mesh_Cube</Filter>
    </ClInclude>
    <ClInclude Include="..\public\Mesh.h">
      <Filter>01.Utility\03.Components\00. Model\Mesh</Filter>
    </ClInclude>
    <ClInclude Include="..\public\Rigid_Body.h">
      <Filter>01.Utility\03.Components\06. Rigid_Body</Filter>
    </ClInclude>
    <ClInclude Include="..\Public\Input_Manager.h">
      <Filter>01.Utility\04.Manager\06. Input_Manager</Filter>
    </ClInclude>
    <ClInclude Include="..\Public\VIBuffer_Cube.h">
      <Filter>01.Utility\03.Components\00. Model\VIBuffer\Cube</Filter>
    </ClInclude>
    <ClInclude Include="..\Public\Mesh_Terrain.h">
      <Filter>01.Utility\03.Components\00. Model\Mesh\Mesh_Terrain</Filter>
    </ClInclude>
    <ClInclude Include="..\Public\Camera_Manager.h">
      <Filter>01.Utility\04.Manager\07. Camera_Manager</Filter>
    </ClInclude>
    <ClInclude Include="..\Public\Math_Utillity.h">
      <Filter>01.Utility\99.SuperClass\Math</Filter>
    </ClInclude>
    <ClInclude Include="..\Public\Collision_Manager.h">
      <Filter>01.Utility\04.Manager\09. Collision_Manager</Filter>
    </ClInclude>
    <ClInclude Include="..\Public\Collider.h">
      <Filter>01.Utility\03.Components\07. Collider</Filter>
    </ClInclude>
    <ClInclude Include="..\Public\Collider_OBB.h">
      <Filter>01.Utility\03.Components\07. Collider\00. Collider_OBB</Filter>
    </ClInclude>
    <ClInclude Include="..\Public\State.h">
      <Filter>01.Utility\03.Components\08. State</Filter>
    </ClInclude>
    <ClInclude Include="..\Public\imconfig.h">
      <Filter>00.System\IMGUI</Filter>
    </ClInclude>
    <ClInclude Include="..\Public\imgui.h">
      <Filter>00.System\IMGUI</Filter>
    </ClInclude>
    <ClInclude Include="..\Public\imgui_internal.h">
      <Filter>00.System\IMGUI</Filter>
    </ClInclude>
    <ClInclude Include="..\Public\imstb_rectpack.h">
      <Filter>00.System\IMGUI</Filter>
    </ClInclude>
    <ClInclude Include="..\Public\imstb_textedit.h">
      <Filter>00.System\IMGUI</Filter>
    </ClInclude>
    <ClInclude Include="..\Public\imstb_truetype.h">
      <Filter>00.System\IMGUI</Filter>
    </ClInclude>
    <ClInclude Include="..\Public\imgui_impl_dx9.h">
      <Filter>00.System\IMGUI</Filter>
    </ClInclude>
    <ClInclude Include="..\Public\imgui_impl_win32.h">
      <Filter>00.System\IMGUI</Filter>
    </ClInclude>
    <ClInclude Include="..\Public\ImguiMgr.h">
      <Filter>00.System\IMGUI\IMGUI_Manager</Filter>
    </ClInclude>
    <ClInclude Include="..\Public\Targeting.h">
      <Filter>01.Utility\03.Components\07. Targeting</Filter>
    </ClInclude>
  </ItemGroup>
  <ItemGroup>
    <ClCompile Include="..\Private\Base.cpp">
      <Filter>01.Utility\99.SuperClass\Base</Filter>
    </ClCompile>
    <ClCompile Include="..\Private\Graphic_Device.cpp">
      <Filter>00.System\Device\Graphic</Filter>
    </ClCompile>
    <ClCompile Include="..\private\GameInstance.cpp">
      <Filter>01.Utility\00.GameInstance</Filter>
    </ClCompile>
    <ClCompile Include="..\private\Level_Manager.cpp">
      <Filter>01.Utility\04.Manager\02. Level_Manager</Filter>
    </ClCompile>
    <ClCompile Include="..\private\Level.cpp">
      <Filter>01.Utility\01.Levels</Filter>
    </ClCompile>
    <ClCompile Include="..\private\GameObject.cpp">
      <Filter>01.Utility\02.GameObject</Filter>
    </ClCompile>
    <ClCompile Include="..\private\Object_Manager.cpp">
      <Filter>01.Utility\04.Manager\03. Object_Manager</Filter>
    </ClCompile>
    <ClCompile Include="..\PRIVATE\Layer.cpp">
      <Filter>01.Utility\04.Manager\03. Object_Manager\Layer</Filter>
    </ClCompile>
    <ClCompile Include="..\private\Component.cpp">
      <Filter>01.Utility\03.Components</Filter>
    </ClCompile>
    <ClCompile Include="..\private\Component_Manager.cpp">
      <Filter>01.Utility\04.Manager\01. Component_Manager</Filter>
    </ClCompile>
    <ClCompile Include="..\private\Renderer.cpp">
      <Filter>01.Utility\03.Components\01. Renderer</Filter>
    </ClCompile>
    <ClCompile Include="..\private\VIBuffer.cpp">
      <Filter>01.Utility\03.Components\00. Model\VIBuffer</Filter>
    </ClCompile>
    <ClCompile Include="..\Private\VIBuffer_Rect.cpp">
      <Filter>01.Utility\03.Components\00. Model\VIBuffer\Rect</Filter>
    </ClCompile>
    <ClCompile Include="..\Private\Render_Manager.cpp">
      <Filter>01.Utility\04.Manager\08. Render_Manager</Filter>
    </ClCompile>
    <ClCompile Include="..\Private\Resource_Manager.cpp">
      <Filter>01.Utility\04.Manager\04. Resource_Manager</Filter>
    </ClCompile>
    <ClCompile Include="..\Private\Transform.cpp">
      <Filter>01.Utility\03.Components\02. Transform</Filter>
    </ClCompile>
    <ClCompile Include="..\Private\ITimerEvent.cpp">
      <Filter>02. Module\00. Interface</Filter>
    </ClCompile>
    <ClCompile Include="..\Private\Time_Manager.cpp">
      <Filter>01.Utility\04.Manager\05. Time_Manager</Filter>
    </ClCompile>
    <ClCompile Include="..\Private\Timer.cpp">
      <Filter>01.Utility\04.Manager\05. Time_Manager\00. Timer</Filter>
    </ClCompile>
    <ClCompile Include="..\Private\VIBuffer_Terrain.cpp">
      <Filter>01.Utility\03.Components\00. Model\VIBuffer\Terrain</Filter>
    </ClCompile>
    <ClCompile Include="..\Private\Camera.cpp">
      <Filter>01.Utility\03.Components\03. Camera</Filter>
    </ClCompile>
    <ClCompile Include="..\Private\Status.cpp">
      <Filter>01.Utility\03.Components\04. Status</Filter>
    </ClCompile>
    <ClCompile Include="..\Private\Font.cpp">
      <Filter>01.Utility\03.Components\05. Font</Filter>
    </ClCompile>
    <ClCompile Include="..\private\Mesh_Cube.cpp">
      <Filter>01.Utility\03.Components\00. Model\Mesh\Mesh_Cube</Filter>
    </ClCompile>
    <ClCompile Include="..\private\Mesh.cpp">
      <Filter>01.Utility\03.Components\00. Model\Mesh</Filter>
    </ClCompile>
    <ClCompile Include="..\private\Rigid_Body.cpp">
      <Filter>01.Utility\03.Components\06. Rigid_Body</Filter>
    </ClCompile>
    <ClCompile Include="..\Private\Input_Manager.cpp">
      <Filter>01.Utility\04.Manager\06. Input_Manager</Filter>
    </ClCompile>
    <ClCompile Include="..\Private\VIBuffer_Cube.cpp">
      <Filter>01.Utility\03.Components\00. Model\VIBuffer\Cube</Filter>
    </ClCompile>
    <ClCompile Include="..\Private\Mesh_Terrain.cpp">
      <Filter>01.Utility\03.Components\00. Model\Mesh\Mesh_Terrain</Filter>
    </ClCompile>
    <ClCompile Include="..\Private\Camera_Manager.cpp">
      <Filter>01.Utility\04.Manager\07. Camera_Manager</Filter>
    </ClCompile>
    <ClCompile Include="..\Private\Math_Utillity.cpp">
      <Filter>01.Utility\99.SuperClass\Math</Filter>
    </ClCompile>
    <ClCompile Include="..\Private\Collision_Manager.cpp">
      <Filter>01.Utility\04.Manager\09. Collision_Manager</Filter>
    </ClCompile>
    <ClCompile Include="..\Private\Collider.cpp">
      <Filter>01.Utility\03.Components\07. Collider</Filter>
    </ClCompile>
    <ClCompile Include="..\Private\Collider_OBB.cpp">
      <Filter>01.Utility\03.Components\07. Collider\00. Collider_OBB</Filter>
    </ClCompile>
    <ClCompile Include="..\Private\State.cpp">
      <Filter>01.Utility\03.Components\08. State</Filter>
    </ClCompile>
    <ClCompile Include="..\Private\imgui_widgets.cpp">
      <Filter>00.System\IMGUI</Filter>
    </ClCompile>
    <ClCompile Include="..\Private\imgui.cpp">
      <Filter>00.System\IMGUI</Filter>
    </ClCompile>
    <ClCompile Include="..\Private\imgui_demo.cpp">
      <Filter>00.System\IMGUI</Filter>
    </ClCompile>
    <ClCompile Include="..\Private\imgui_draw.cpp">
      <Filter>00.System\IMGUI</Filter>
    </ClCompile>
    <ClCompile Include="..\Private\imgui_tables.cpp">
      <Filter>00.System\IMGUI</Filter>
    </ClCompile>
    <ClCompile Include="..\Private\imgui_impl_win32.cpp">
      <Filter>00.System\IMGUI</Filter>
    </ClCompile>
    <ClCompile Include="..\Private\imgui_impl_dx9.cpp">
      <Filter>00.System\IMGUI</Filter>
    </ClCompile>
    <ClCompile Include="..\Private\ImguiMgr.cpp">
      <Filter>00.System\IMGUI\IMGUI_Manager</Filter>
    </ClCompile>
    <ClCompile Include="..\Private\Targeting.cpp">
      <Filter>01.Utility\03.Components\07. Targeting</Filter>
    </ClCompile>
  </ItemGroup>
</Project>